gom 'github.com/gin-gonic/gin', :commit => '52fcc5dbf6e94df33ad313858fb94b713e9d1b4a'
gom 'github.com/manucorporat/sse', :commit => 'fe6ea2c8e398672518ef204bf0fbd9af858d0e15'
gom 'github.com/mattn/go-colorable', :commit => '40e4aedc8fabf8c23e040057540867186712faa5'
gom 'github.com/spf13/viper', :commit => '87b94ba48604b6be709dc242d0261f3723384b74'
gom 'github.com/stretchr/signature', :commit => '78854fe0e7853ac2d799afb0301e41fa48d7fca1'
gom 'github.com/stretchr/stew', :commit => '80ef0842b48b329a6120607c817a85aff5a2ec71'
gom 'github.com/stretchr/tracer', :commit => '66d3696bba973e1697f7d68413b3f19c6d6e2a7c'
gom 'golang.org/x/net/context'
gom 'gopkg.in/bluesuncorp/validator.v5', :commit => 'd5acf1dac43705f8bfbb71d878e290e2bed3950b'
gom 'github.com/jarcoal/httpmock', :commit => '145b10d659265440f062c31ea15326166bae56ee'
gom 'github.com/kr/pretty', :commit => 'e6ac2fc51e89a3249e82157fa0bb7a18ef9dd5bb'
gom 'github.com/stretchr/testify', :commit => 'f3960ab1f9664ecc4e27c78af27cc9063d745a43'
